dependencies:
- name: mongodb
  repository: https://charts.bitnami.com/bitnami
  version: 16.5.45
- name: redis
  repository: https://charts.bitnami.com/bitnami
  version: 22.0.7
- name: ingress-nginx
  repository: https://kubernetes.github.io/ingress-nginx
  version: 4.13.2
digest: sha256:7e683f08724eb259c7b96fdec238148ebd3036e09c3af719b8a34acc83bf323e
generated: "2025-09-16T02:50:02.42822+01:00"
